
Microsoft Visual Studio Solution File, Format Version 12.00
# Visual Studio Version 16
VisualStudioVersion = 16.0.31321.278
MinimumVisualStudioVersion = 10.0.40219.1
Project("{FAE04EC0-301F-11D3-BF4B-00C04F79EFBC}") = "PowerBIReleaseProcess", "PowerBIReleaseProcess\PowerBIReleaseProcess.csproj", "{16CB968D-816A-4197-9473-F2F3EEE417F0}"
EndProject
Global
	GlobalSection(SolutionConfigurationPlatforms) = preSolution
		Debug|Any CPU = Debug|Any CPU
		Release|Any CPU = Release|Any CPU
	EndGlobalSection
	GlobalSection(ProjectConfigurationPlatforms) = postSolution
		{16CB968D-816A-4197-9473-F2F3EEE417F0}.Debug|Any CPU.ActiveCfg = Debug|Any CPU
		{16CB968D-816A-4197-9473-F2F3EEE417F0}.Debug|Any CPU.Build.0 = Debug|Any CPU
		{16CB968D-816A-4197-9473-F2F3EEE417F0}.Release|Any CPU.ActiveCfg = Release|Any CPU
		{16CB968D-816A-4197-9473-F2F3EEE417F0}.Release|Any CPU.Build.0 = Release|Any CPU
	EndGlobalSection
	GlobalSection(SolutionProperties) = preSolution
		HideSolutionNode = FALSE
	EndGlobalSection
	GlobalSection(ExtensibilityGlobals) = postSolution
		SolutionGuid = {332C65E8-F5C2-4520-BB4E-F7FA2C702161}
	EndGlobalSection
EndGlobal
